
Microsoft Visual Studio Solution File, Format Version 12.00
# Visual Studio Version 16
VisualStudioVersion = 16.0.30309.148
MinimumVisualStudioVersion = 10.0.40219.1
Project("{FAE04EC0-301F-11D3-BF4B-00C04F79EFBC}") = "ChallengesUI", "ChallengesUI\ChallengesUI.csproj", "{627856F8-8AE2-4F49-A6FF-DC5434C16B1E}"
EndProject
Global
	GlobalSection(SolutionConfigurationPlatforms) = preSolution
		Debug|Any CPU = Debug|Any CPU
		Release|Any CPU = Release|Any CPU
	EndGlobalSection
	GlobalSection(ProjectConfigurationPlatforms) = postSolution
		{627856F8-8AE2-4F49-A6FF-DC5434C16B1E}.Debug|Any CPU.ActiveCfg = Debug|Any CPU
		{627856F8-8AE2-4F49-A6FF-DC5434C16B1E}.Debug|Any CPU.Build.0 = Debug|Any CPU
		{627856F8-8AE2-4F49-A6FF-DC5434C16B1E}.Release|Any CPU.ActiveCfg = Release|Any CPU
		{627856F8-8AE2-4F49-A6FF-DC5434C16B1E}.Release|Any CPU.Build.0 = Release|Any CPU
	EndGlobalSection
	GlobalSection(SolutionProperties) = preSolution
		HideSolutionNode = FALSE
	EndGlobalSection
	GlobalSection(ExtensibilityGlobals) = postSolution
		SolutionGuid = {4A4AE386-BCAD-4131-A13C-EAD554D4EB49}
	EndGlobalSection
EndGlobal
